
Microsoft Visual Studio Solution File, Format Version 12.00
# Visual Studio Version 16
VisualStudioVersion = 16.0.30611.23
MinimumVisualStudioVersion = 10.0.40219.1
Project("{FAE04EC0-301F-11D3-BF4B-00C04F79EFBC}") = "FFX_FizzBuzz", "FFX_FizzBuzz.csproj", "{6A50B867-22DD-4267-BD7E-BC1B22B7D5E2}"
EndProject
Project("{FAE04EC0-301F-11D3-BF4B-00C04F79EFBC}") = "FFX_FizzBuzz_UnitTest", "..\FFX_FizzBuzz_UnitTest\FFX_FizzBuzz_UnitTest.csproj", "{AB1FEEF4-53EE-4E78-9D40-B6B258FE5C94}"
EndProject
Global
	GlobalSection(SolutionConfigurationPlatforms) = preSolution
		Debug|Any CPU = Debug|Any CPU
		Release|Any CPU = Release|Any CPU
	EndGlobalSection
	GlobalSection(ProjectConfigurationPlatforms) = postSolution
		{6A50B867-22DD-4267-BD7E-BC1B22B7D5E2}.Debug|Any CPU.ActiveCfg = Debug|Any CPU
		{6A50B867-22DD-4267-BD7E-BC1B22B7D5E2}.Debug|Any CPU.Build.0 = Debug|Any CPU
		{6A50B867-22DD-4267-BD7E-BC1B22B7D5E2}.Release|Any CPU.ActiveCfg = Release|Any CPU
		{6A50B867-22DD-4267-BD7E-BC1B22B7D5E2}.Release|Any CPU.Build.0 = Release|Any CPU
		{AB1FEEF4-53EE-4E78-9D40-B6B258FE5C94}.Debug|Any CPU.ActiveCfg = Debug|Any CPU
		{AB1FEEF4-53EE-4E78-9D40-B6B258FE5C94}.Debug|Any CPU.Build.0 = Debug|Any CPU
		{AB1FEEF4-53EE-4E78-9D40-B6B258FE5C94}.Release|Any CPU.ActiveCfg = Release|Any CPU
		{AB1FEEF4-53EE-4E78-9D40-B6B258FE5C94}.Release|Any CPU.Build.0 = Release|Any CPU
	EndGlobalSection
	GlobalSection(SolutionProperties) = preSolution
		HideSolutionNode = FALSE
	EndGlobalSection
	GlobalSection(ExtensibilityGlobals) = postSolution
		SolutionGuid = {E85A9E98-8B41-4E08-BED3-E0B71C336C8C}
	EndGlobalSection
EndGlobal
